
Microsoft Visual Studio Solution File, Format Version 12.00
# Visual Studio Version 16
VisualStudioVersion = 16.0.30204.135
MinimumVisualStudioVersion = 15.0.26124.0
Project("{2150E333-8FDC-42A3-9474-1A3956D46DE8}") = "Creational", "Creational", "{30AE50BA-9852-4A3A-A374-C2FD994DC62D}"
EndProject
Project("{2150E333-8FDC-42A3-9474-1A3956D46DE8}") = "Structural", "Structural", "{4A2C7ACD-F240-4DD4-BCE1-6649727FEE3B}"
EndProject
Project("{2150E333-8FDC-42A3-9474-1A3956D46DE8}") = "Behavioral", "Behavioral", "{6F57E815-DAED-42C3-ADB0-F945E1143BE2}"
EndProject
Project("{9A19103F-16F7-4668-BE54-9A1E7A4F7556}") = "FactoryPattern", "FactoryPattern\FactoryPattern.csproj", "{3C866A4F-8553-42B0-956F-8ABCF54C37D0}"
EndProject
Project("{9A19103F-16F7-4668-BE54-9A1E7A4F7556}") = "CompositePattern", "CompositePattern\CompositePattern.csproj", "{4812FE46-832E-43A7-BE88-6E2F394B0C88}"
EndProject
Project("{9A19103F-16F7-4668-BE54-9A1E7A4F7556}") = "StrategyPattern", "StrategyPattern\StrategyPattern.csproj", "{26351CC6-3CC9-4653-AE2B-7F79D40DC1F4}"
EndProject
Project("{FAE04EC0-301F-11D3-BF4B-00C04F79EFBC}") = "AdapterPattern", "AdapterPattern\AdapterPattern.csproj", "{CDFD7DB2-0402-4B13-9FB6-0C1D59AFF35C}"
EndProject
Project("{FAE04EC0-301F-11D3-BF4B-00C04F79EFBC}") = "BridgePattern", "BridgePattern\BridgePattern.csproj", "{9F1421FB-DB63-4C9C-843B-50BA710369B5}"
EndProject
Project("{FAE04EC0-301F-11D3-BF4B-00C04F79EFBC}") = "ChainOfResponsibilityPattern", "ChainOfResponsibilityPattern\ChainOfResponsibilityPattern.csproj", "{1FABC1D8-500F-4CB3-80DE-BA5B90C8516E}"
EndProject
Project("{FAE04EC0-301F-11D3-BF4B-00C04F79EFBC}") = "ObserverPattern", "ObserverPattern\ObserverPattern.csproj", "{138516A2-01F9-4C2D-BFF2-CEB2F23C03B3}"
EndProject
Global
	GlobalSection(SolutionConfigurationPlatforms) = preSolution
		Debug|Any CPU = Debug|Any CPU
		Debug|x64 = Debug|x64
		Debug|x86 = Debug|x86
		Release|Any CPU = Release|Any CPU
		Release|x64 = Release|x64
		Release|x86 = Release|x86
	EndGlobalSection
	GlobalSection(ProjectConfigurationPlatforms) = postSolution
		{3C866A4F-8553-42B0-956F-8ABCF54C37D0}.Debug|Any CPU.ActiveCfg = Debug|Any CPU
		{3C866A4F-8553-42B0-956F-8ABCF54C37D0}.Debug|Any CPU.Build.0 = Debug|Any CPU
		{3C866A4F-8553-42B0-956F-8ABCF54C37D0}.Debug|x64.ActiveCfg = Debug|Any CPU
		{3C866A4F-8553-42B0-956F-8ABCF54C37D0}.Debug|x64.Build.0 = Debug|Any CPU
		{3C866A4F-8553-42B0-956F-8ABCF54C37D0}.Debug|x86.ActiveCfg = Debug|Any CPU
		{3C866A4F-8553-42B0-956F-8ABCF54C37D0}.Debug|x86.Build.0 = Debug|Any CPU
		{3C866A4F-8553-42B0-956F-8ABCF54C37D0}.Release|Any CPU.ActiveCfg = Release|Any CPU
		{3C866A4F-8553-42B0-956F-8ABCF54C37D0}.Release|Any CPU.Build.0 = Release|Any CPU
		{3C866A4F-8553-42B0-956F-8ABCF54C37D0}.Release|x64.ActiveCfg = Release|Any CPU
		{3C866A4F-8553-42B0-956F-8ABCF54C37D0}.Release|x64.Build.0 = Release|Any CPU
		{3C866A4F-8553-42B0-956F-8ABCF54C37D0}.Release|x86.ActiveCfg = Release|Any CPU
		{3C866A4F-8553-42B0-956F-8ABCF54C37D0}.Release|x86.Build.0 = Release|Any CPU
		{4812FE46-832E-43A7-BE88-6E2F394B0C88}.Debug|Any CPU.ActiveCfg = Debug|Any CPU
		{4812FE46-832E-43A7-BE88-6E2F394B0C88}.Debug|Any CPU.Build.0 = Debug|Any CPU
		{4812FE46-832E-43A7-BE88-6E2F394B0C88}.Debug|x64.ActiveCfg = Debug|Any CPU
		{4812FE46-832E-43A7-BE88-6E2F394B0C88}.Debug|x64.Build.0 = Debug|Any CPU
		{4812FE46-832E-43A7-BE88-6E2F394B0C88}.Debug|x86.ActiveCfg = Debug|Any CPU
		{4812FE46-832E-43A7-BE88-6E2F394B0C88}.Debug|x86.Build.0 = Debug|Any CPU
		{4812FE46-832E-43A7-BE88-6E2F394B0C88}.Release|Any CPU.ActiveCfg = Release|Any CPU
		{4812FE46-832E-43A7-BE88-6E2F394B0C88}.Release|Any CPU.Build.0 = Release|Any CPU
		{4812FE46-832E-43A7-BE88-6E2F394B0C88}.Release|x64.ActiveCfg = Release|Any CPU
		{4812FE46-832E-43A7-BE88-6E2F394B0C88}.Release|x64.Build.0 = Release|Any CPU
		{4812FE46-832E-43A7-BE88-6E2F394B0C88}.Release|x86.ActiveCfg = Release|Any CPU
		{4812FE46-832E-43A7-BE88-6E2F394B0C88}.Release|x86.Build.0 = Release|Any CPU
		{26351CC6-3CC9-4653-AE2B-7F79D40DC1F4}.Debug|Any CPU.ActiveCfg = Debug|Any CPU
		{26351CC6-3CC9-4653-AE2B-7F79D40DC1F4}.Debug|Any CPU.Build.0 = Debug|Any CPU
		{26351CC6-3CC9-4653-AE2B-7F79D40DC1F4}.Debug|x64.ActiveCfg = Debug|Any CPU
		{26351CC6-3CC9-4653-AE2B-7F79D40DC1F4}.Debug|x64.Build.0 = Debug|Any CPU
		{26351CC6-3CC9-4653-AE2B-7F79D40DC1F4}.Debug|x86.ActiveCfg = Debug|Any CPU
		{26351CC6-3CC9-4653-AE2B-7F79D40DC1F4}.Debug|x86.Build.0 = Debug|Any CPU
		{26351CC6-3CC9-4653-AE2B-7F79D40DC1F4}.Release|Any CPU.ActiveCfg = Release|Any CPU
		{26351CC6-3CC9-4653-AE2B-7F79D40DC1F4}.Release|Any CPU.Build.0 = Release|Any CPU
		{26351CC6-3CC9-4653-AE2B-7F79D40DC1F4}.Release|x64.ActiveCfg = Release|Any CPU
		{26351CC6-3CC9-4653-AE2B-7F79D40DC1F4}.Release|x64.Build.0 = Release|Any CPU
		{26351CC6-3CC9-4653-AE2B-7F79D40DC1F4}.Release|x86.ActiveCfg = Release|Any CPU
		{26351CC6-3CC9-4653-AE2B-7F79D40DC1F4}.Release|x86.Build.0 = Release|Any CPU
		{CDFD7DB2-0402-4B13-9FB6-0C1D59AFF35C}.Debug|Any CPU.ActiveCfg = Debug|Any CPU
		{CDFD7DB2-0402-4B13-9FB6-0C1D59AFF35C}.Debug|Any CPU.Build.0 = Debug|Any CPU
		{CDFD7DB2-0402-4B13-9FB6-0C1D59AFF35C}.Debug|x64.ActiveCfg = Debug|Any CPU
		{CDFD7DB2-0402-4B13-9FB6-0C1D59AFF35C}.Debug|x64.Build.0 = Debug|Any CPU
		{CDFD7DB2-0402-4B13-9FB6-0C1D59AFF35C}.Debug|x86.ActiveCfg = Debug|Any CPU
		{CDFD7DB2-0402-4B13-9FB6-0C1D59AFF35C}.Debug|x86.Build.0 = Debug|Any CPU
		{CDFD7DB2-0402-4B13-9FB6-0C1D59AFF35C}.Release|Any CPU.ActiveCfg = Release|Any CPU
		{CDFD7DB2-0402-4B13-9FB6-0C1D59AFF35C}.Release|Any CPU.Build.0 = Release|Any CPU
		{CDFD7DB2-0402-4B13-9FB6-0C1D59AFF35C}.Release|x64.ActiveCfg = Release|Any CPU
		{CDFD7DB2-0402-4B13-9FB6-0C1D59AFF35C}.Release|x64.Build.0 = Release|Any CPU
		{CDFD7DB2-0402-4B13-9FB6-0C1D59AFF35C}.Release|x86.ActiveCfg = Release|Any CPU
		{CDFD7DB2-0402-4B13-9FB6-0C1D59AFF35C}.Release|x86.Build.0 = Release|Any CPU
		{9F1421FB-DB63-4C9C-843B-50BA710369B5}.Debug|Any CPU.ActiveCfg = Debug|Any CPU
		{9F1421FB-DB63-4C9C-843B-50BA710369B5}.Debug|Any CPU.Build.0 = Debug|Any CPU
		{9F1421FB-DB63-4C9C-843B-50BA710369B5}.Debug|x64.ActiveCfg = Debug|Any CPU
		{9F1421FB-DB63-4C9C-843B-50BA710369B5}.Debug|x64.Build.0 = Debug|Any CPU
		{9F1421FB-DB63-4C9C-843B-50BA710369B5}.Debug|x86.ActiveCfg = Debug|Any CPU
		{9F1421FB-DB63-4C9C-843B-50BA710369B5}.Debug|x86.Build.0 = Debug|Any CPU
		{9F1421FB-DB63-4C9C-843B-50BA710369B5}.Release|Any CPU.ActiveCfg = Release|Any CPU
		{9F1421FB-DB63-4C9C-843B-50BA710369B5}.Release|Any CPU.Build.0 = Release|Any CPU
		{9F1421FB-DB63-4C9C-843B-50BA710369B5}.Release|x64.ActiveCfg = Release|Any CPU
		{9F1421FB-DB63-4C9C-843B-50BA710369B5}.Release|x64.Build.0 = Release|Any CPU
		{9F1421FB-DB63-4C9C-843B-50BA710369B5}.Release|x86.ActiveCfg = Release|Any CPU
		{9F1421FB-DB63-4C9C-843B-50BA710369B5}.Release|x86.Build.0 = Release|Any CPU
		{1FABC1D8-500F-4CB3-80DE-BA5B90C8516E}.Debug|Any CPU.ActiveCfg = Debug|Any CPU
		{1FABC1D8-500F-4CB3-80DE-BA5B90C8516E}.Debug|Any CPU.Build.0 = Debug|Any CPU
		{1FABC1D8-500F-4CB3-80DE-BA5B90C8516E}.Debug|x64.ActiveCfg = Debug|Any CPU
		{1FABC1D8-500F-4CB3-80DE-BA5B90C8516E}.Debug|x64.Build.0 = Debug|Any CPU
		{1FABC1D8-500F-4CB3-80DE-BA5B90C8516E}.Debug|x86.ActiveCfg = Debug|Any CPU
		{1FABC1D8-500F-4CB3-80DE-BA5B90C8516E}.Debug|x86.Build.0 = Debug|Any CPU
		{1FABC1D8-500F-4CB3-80DE-BA5B90C8516E}.Release|Any CPU.ActiveCfg = Release|Any CPU
		{1FABC1D8-500F-4CB3-80DE-BA5B90C8516E}.Release|Any CPU.Build.0 = Release|Any CPU
		{1FABC1D8-500F-4CB3-80DE-BA5B90C8516E}.Release|x64.ActiveCfg = Release|Any CPU
		{1FABC1D8-500F-4CB3-80DE-BA5B90C8516E}.Release|x64.Build.0 = Release|Any CPU
		{1FABC1D8-500F-4CB3-80DE-BA5B90C8516E}.Release|x86.ActiveCfg = Release|Any CPU
		{1FABC1D8-500F-4CB3-80DE-BA5B90C8516E}.Release|x86.Build.0 = Release|Any CPU
		{138516A2-01F9-4C2D-BFF2-CEB2F23C03B3}.Debug|Any CPU.ActiveCfg = Debug|Any CPU
		{138516A2-01F9-4C2D-BFF2-CEB2F23C03B3}.Debug|Any CPU.Build.0 = Debug|Any CPU
		{138516A2-01F9-4C2D-BFF2-CEB2F23C03B3}.Debug|x64.ActiveCfg = Debug|Any CPU
		{138516A2-01F9-4C2D-BFF2-CEB2F23C03B3}.Debug|x64.Build.0 = Debug|Any CPU
		{138516A2-01F9-4C2D-BFF2-CEB2F23C03B3}.Debug|x86.ActiveCfg = Debug|Any CPU
		{138516A2-01F9-4C2D-BFF2-CEB2F23C03B3}.Debug|x86.Build.0 = Debug|Any CPU
		{138516A2-01F9-4C2D-BFF2-CEB2F23C03B3}.Release|Any CPU.ActiveCfg = Release|Any CPU
		{138516A2-01F9-4C2D-BFF2-CEB2F23C03B3}.Release|Any CPU.Build.0 = Release|Any CPU
		{138516A2-01F9-4C2D-BFF2-CEB2F23C03B3}.Release|x64.ActiveCfg = Release|Any CPU
		{138516A2-01F9-4C2D-BFF2-CEB2F23C03B3}.Release|x64.Build.0 = Release|Any CPU
		{138516A2-01F9-4C2D-BFF2-CEB2F23C03B3}.Release|x86.ActiveCfg = Release|Any CPU
		{138516A2-01F9-4C2D-BFF2-CEB2F23C03B3}.Release|x86.Build.0 = Release|Any CPU
	EndGlobalSection
	GlobalSection(SolutionProperties) = preSolution
		HideSolutionNode = FALSE
	EndGlobalSection
	GlobalSection(NestedProjects) = preSolution
		{3C866A4F-8553-42B0-956F-8ABCF54C37D0} = {30AE50BA-9852-4A3A-A374-C2FD994DC62D}
		{4812FE46-832E-43A7-BE88-6E2F394B0C88} = {4A2C7ACD-F240-4DD4-BCE1-6649727FEE3B}
		{26351CC6-3CC9-4653-AE2B-7F79D40DC1F4} = {6F57E815-DAED-42C3-ADB0-F945E1143BE2}
		{CDFD7DB2-0402-4B13-9FB6-0C1D59AFF35C} = {4A2C7ACD-F240-4DD4-BCE1-6649727FEE3B}
		{9F1421FB-DB63-4C9C-843B-50BA710369B5} = {4A2C7ACD-F240-4DD4-BCE1-6649727FEE3B}
		{1FABC1D8-500F-4CB3-80DE-BA5B90C8516E} = {6F57E815-DAED-42C3-ADB0-F945E1143BE2}
		{138516A2-01F9-4C2D-BFF2-CEB2F23C03B3} = {6F57E815-DAED-42C3-ADB0-F945E1143BE2}
	EndGlobalSection
	GlobalSection(ExtensibilityGlobals) = postSolution
		SolutionGuid = {A99DEB9B-96F7-474F-B097-D88057DB123A}
	EndGlobalSection
EndGlobal
